
Microsoft Visual Studio Solution File, Format Version 12.00
# Visual Studio Version 17
VisualStudioVersion = 17.14.36603.0 d17.14
MinimumVisualStudioVersion = 10.0.40219.1
Project("{FAE04EC0-301F-11D3-BF4B-00C04F79EFBC}") = "FurnitureShop", "FurnitureShop\FurnitureShop.csproj", "{D440025A-775C-401F-BF96-9A69DC78FD1C}"
EndProject
Global
	GlobalSection(SolutionConfigurationPlatforms) = preSolution
		Debug|Any CPU = Debug|Any CPU
		Release|Any CPU = Release|Any CPU
	EndGlobalSection
	GlobalSection(ProjectConfigurationPlatforms) = postSolution
		{D440025A-775C-401F-BF96-9A69DC78FD1C}.Debug|Any CPU.ActiveCfg = Debug|Any CPU
		{D440025A-775C-401F-BF96-9A69DC78FD1C}.Debug|Any CPU.Build.0 = Debug|Any CPU
		{D440025A-775C-401F-BF96-9A69DC78FD1C}.Release|Any CPU.ActiveCfg = Release|Any CPU
		{D440025A-775C-401F-BF96-9A69DC78FD1C}.Release|Any CPU.Build.0 = Release|Any CPU
	EndGlobalSection
	GlobalSection(SolutionProperties) = preSolution
		HideSolutionNode = FALSE
	EndGlobalSection
	GlobalSection(ExtensibilityGlobals) = postSolution
		SolutionGuid = {ACA5FFC2-AD2D-404D-A0A6-0006FB659FE5}
	EndGlobalSection
EndGlobal
